<?xml version="1.0" encoding="utf-8"?>
<Project ToolsVersion="4.0" xmlns="http://schemas.microsoft.com/developer/msbuild/2003">
  <ItemGroup>
    <ClInclude Include="uginaPlayScene.h">
      <Filter>Scenes</Filter>
    </ClInclude>
    <ClInclude Include="uginaTitleScene.h">
      <Filter>Scenes</Filter>
    </ClInclude>
    <ClInclude Include="uginaToolScene.h">
      <Filter>Scenes</Filter>
    </ClInclude>
    <ClInclude Include="uginaPlayerScript.h">
      <Filter>Scripts</Filter>
    </ClInclude>
    <ClInclude Include="uginaCatScript.h">
      <Filter>Scripts</Filter>
    </ClInclude>
    <ClInclude Include="uginaCameraScript.h">
      <Filter>Scripts</Filter>
    </ClInclude>
    <ClInclude Include="uginaFloor.h" />
    <ClInclude Include="uginaFloorScript.h" />
    <ClInclude Include="uginaLoadScenes.h">
      <Filter>Load</Filter>
    </ClInclude>
    <ClInclude Include="uginaLoadResources.h">
      <Filter>Load</Filter>
    </ClInclude>
    <ClInclude Include="uginaGameScene.h">
      <Filter>Scenes</Filter>
    </ClInclude>
    <ClInclude Include="uginaTile.h" />
    <ClInclude Include="uginaPlayer.h" />
    <ClInclude Include="uginaCat.h" />
    <ClInclude Include="uginaBabaGridComponent.h">
      <Filter>baba</Filter>
    </ClInclude>
    <ClInclude Include="uginaBabaGridManager.h">
      <Filter>baba</Filter>
    </ClInclude>
    <ClInclude Include="uginaBabaPlayerScript.h">
      <Filter>baba</Filter>
    </ClInclude>
    <ClInclude Include="uginaBabaScene.h">
      <Filter>baba</Filter>
    </ClInclude>
    <ClInclude Include="uginaBabaWordComponent.h">
      <Filter>baba</Filter>
    </ClInclude>
  </ItemGroup>
  <ItemGroup>
    <ClCompile Include="uginaPlayScene.cpp">
      <Filter>Scenes</Filter>
    </ClCompile>
    <ClCompile Include="uginaTitleScene.cpp">
      <Filter>Scenes</Filter>
    </ClCompile>
    <ClCompile Include="uginaToolScene.cpp">
      <Filter>Scenes</Filter>
    </ClCompile>
    <ClCompile Include="uginaPlayerScript.cpp">
      <Filter>Scripts</Filter>
    </ClCompile>
    <ClCompile Include="uginaCatScript.cpp">
      <Filter>Scripts</Filter>
    </ClCompile>
    <ClCompile Include="uginaCameraScript.cpp">
      <Filter>Scripts</Filter>
    </ClCompile>
    <ClCompile Include="uginaFloor.cpp" />
    <ClCompile Include="uginaFloorScript.cpp" />
    <ClCompile Include="uginaGameScene.cpp">
      <Filter>Scenes</Filter>
    </ClCompile>
    <ClCompile Include="uginaTile.cpp" />
    <ClCompile Include="uginaPlayer.cpp" />
    <ClCompile Include="uginaCat.cpp" />
    <ClCompile Include="uginaBabaGridComponent.cpp">
      <Filter>baba</Filter>
    </ClCompile>
    <ClCompile Include="uginaBabaGridManager.cpp">
      <Filter>baba</Filter>
    </ClCompile>
    <ClCompile Include="uginaBabaPlayerScript.cpp">
      <Filter>baba</Filter>
    </ClCompile>
    <ClCompile Include="uginaBabaScene.cpp">
      <Filter>baba</Filter>
    </ClCompile>
    <ClCompile Include="uginaBabaWordComponent.cpp">
      <Filter>baba</Filter>
    </ClCompile>
  </ItemGroup>
  <ItemGroup>
    <Filter Include="Contents">
      <UniqueIdentifier>{c10e6c64-00f0-4626-b329-498627543478}</UniqueIdentifier>
    </Filter>
    <Filter Include="Scenes">
      <UniqueIdentifier>{8ccb88c6-81ff-41f3-a9da-a4e4aecb7aa6}</UniqueIdentifier>
    </Filter>
    <Filter Include="Scripts">
      <UniqueIdentifier>{a71b7508-83cd-4c67-adfc-d889b4d6f1f7}</UniqueIdentifier>
    </Filter>
    <Filter Include="Load">
      <UniqueIdentifier>{58b0d174-589b-481b-8103-597696023cae}</UniqueIdentifier>
    </Filter>
    <Filter Include="baba">
      <UniqueIdentifier>{f99ff10e-83b3-4076-86cb-8bb8c8504610}</UniqueIdentifier>
    </Filter>
  </ItemGroup>
</Project>